
Microsoft Visual Studio Solution File, Format Version 12.00
# Visual Studio 15
VisualStudioVersion = 15.0.28307.1169
MinimumVisualStudioVersion = 10.0.40219.1
Project("{888888A0-9F3D-457C-B088-3A5042F75D52}") = "sentiment_analysis_demo", "sentiment_analysis_demo\sentiment_analysis_demo.pyproj", "{F031CF0D-8E6C-409E-BEA8-6A1F1E01CE8D}"
EndProject
Global
	GlobalSection(SolutionConfigurationPlatforms) = preSolution
		Debug|Any CPU = Debug|Any CPU
		Release|Any CPU = Release|Any CPU
	EndGlobalSection
	GlobalSection(ProjectConfigurationPlatforms) = postSolution
		{F031CF0D-8E6C-409E-BEA8-6A1F1E01CE8D}.Debug|Any CPU.ActiveCfg = Debug|Any CPU
		{F031CF0D-8E6C-409E-BEA8-6A1F1E01CE8D}.Release|Any CPU.ActiveCfg = Release|Any CPU
	EndGlobalSection
	GlobalSection(SolutionProperties) = preSolution
		HideSolutionNode = FALSE
	EndGlobalSection
	GlobalSection(ExtensibilityGlobals) = postSolution
		SolutionGuid = {DFD17E8B-ECD6-4064-856C-E4D5277BC8A2}
	EndGlobalSection
EndGlobal
